{
  "name": "mingdeexpress",
  "version": "1.0.0",
  "lockfileVersion": 1,
  "requires": true,
  "dependencies": {
    "@popperjs/core": {
      "version": "2.11.5",
      "resolved": "https://registry.npmjs.org/@popperjs/core/-/core-2.11.5.tgz",
      "integrity": "sha512-9X2obfABZuDVLCgPK9aX0a/x4jaOEweTTWE2+9sr0Qqqevj2Uv5XorvusThmc9XGYpS9yI+fhh8RTafBtGposw=="
    },
    "@vant/area-data": {
      "version": "1.3.1",
      "resolved": "https://registry.npmjs.org/@vant/area-data/-/area-data-1.3.1.tgz",
      "integrity": "sha512-xji2kfVBXzFYmHAJNbhYjiRJ4GnN+enbTmtx6FnpTyxs9sUcFtS11BZ23hYCGuj4s02gXyrzUBTXGqhX5IKHIw=="
    },
    "@vant/icons": {
      "version": "1.8.0",
      "resolved": "https://registry.npmjs.org/@vant/icons/-/icons-1.8.0.tgz",
      "integrity": "sha512-sKfEUo2/CkQFuERxvkuF6mGQZDKu3IQdj5rV9Fm0weJXtchDSSQ+zt8qPCNUEhh9Y8shy5PzxbvAfOOkCwlCXg=="
    },
    "@vant/popperjs": {
      "version": "1.2.1",
      "resolved": "https://registry.npmjs.org/@vant/popperjs/-/popperjs-1.2.1.tgz",
      "integrity": "sha512-qzQlrPE4aOsBzfrktDVwzQy/QICCTKifmjrruhY58+Q2fobUYp/T9QINluIafzsD3VJwgP8+HFVLBsyDmy3VZQ==",
      "requires": {
        "@popperjs/core": "^2.9.2"
      }
    },
    "@vant/use": {
      "version": "1.4.1",
      "resolved": "https://registry.npmjs.org/@vant/use/-/use-1.4.1.tgz",
      "integrity": "sha512-YonNN0SuJLEJuqdoMcVAJm2JUZWkHNrW81QzeF6FLyG5HFUGlmTM5Sby7gdS3Z/8UDMlkWRQpJxBWbmVzmUWxQ=="
    },
    "@vant/weapp": {
      "version": "1.10.3",
      "resolved": "https://registry.npmjs.org/@vant/weapp/-/weapp-1.10.3.tgz",
      "integrity": "sha512-CcG5umI+zlJRN6hQXPeknOenPkVm6WBEgBaB6Y94kOmKLx9NHtHBdURwxuJEA4q4mxhUdOuf6sV7I8tZBnCVxw=="
    },
    "vant": {
      "version": "3.5.2",
      "resolved": "https://registry.npmjs.org/vant/-/vant-3.5.2.tgz",
      "integrity": "sha512-RR2SEE/ZHH30Z7a9iLBxskvSzs8rwaU2vDhR7HtBjgXreADzGjU75XxV2ogwrtaj2YU1IaBYC8xXjn3VXRxREw==",
      "requires": {
        "@vant/icons": "^1.8.0",
        "@vant/popperjs": "^1.2.1",
        "@vant/use": "^1.4.1"
      }
    },
    "vant-weapp": {
      "version": "0.5.29",
      "resolved": "https://registry.npmjs.org/vant-weapp/-/vant-weapp-0.5.29.tgz",
      "integrity": "sha512-RMc0Ga914XFwspw2WuOMU8bOHlIkua8X1DoQ/KPnGQzjwT1uEL4S7W186EmaHF1wN2krB9BVd0LdRRt39dGh6Q=="
    },
    "yarn": {
      "version": "1.22.19",
      "resolved": "https://registry.npmjs.org/yarn/-/yarn-1.22.19.tgz",
      "integrity": "sha512-/0V5q0WbslqnwP91tirOvldvYISzaqhClxzyUKXYxs07yUILIs5jx/k6CFe8bvKSkds5w+eiOqta39Wk3WxdcQ=="
    }
  }
}
